
Microsoft Visual Studio Solution File, Format Version 12.00
# Visual Studio Version 16
VisualStudioVersion = 16.0.32228.343
MinimumVisualStudioVersion = 10.0.40219.1
Project("{FAE04EC0-301F-11D3-BF4B-00C04F79EFBC}") = "Tkocz_KalkulatorBMI_ProjektowanieUI", "Tkocz_KalkulatorBMI_ProjektowanieUI\Tkocz_KalkulatorBMI_ProjektowanieUI.csproj", "{ACDDF5ED-3316-470E-A4F2-0FFFFF4C60B3}"
EndProject
Global
	GlobalSection(SolutionConfigurationPlatforms) = preSolution
		Debug|Any CPU = Debug|Any CPU
		Release|Any CPU = Release|Any CPU
	EndGlobalSection
	GlobalSection(ProjectConfigurationPlatforms) = postSolution
		{ACDDF5ED-3316-470E-A4F2-0FFFFF4C60B3}.Debug|Any CPU.ActiveCfg = Debug|Any CPU
		{ACDDF5ED-3316-470E-A4F2-0FFFFF4C60B3}.Debug|Any CPU.Build.0 = Debug|Any CPU
		{ACDDF5ED-3316-470E-A4F2-0FFFFF4C60B3}.Release|Any CPU.ActiveCfg = Release|Any CPU
		{ACDDF5ED-3316-470E-A4F2-0FFFFF4C60B3}.Release|Any CPU.Build.0 = Release|Any CPU
	EndGlobalSection
	GlobalSection(SolutionProperties) = preSolution
		HideSolutionNode = FALSE
	EndGlobalSection
	GlobalSection(ExtensibilityGlobals) = postSolution
		SolutionGuid = {E0FD1DFF-75E0-463D-B02B-0AE1741F35D3}
	EndGlobalSection
EndGlobal
